
Microsoft Visual Studio Solution File, Format Version 12.00
# Visual Studio Version 17
VisualStudioVersion = 17.0.32014.148
MinimumVisualStudioVersion = 10.0.40219.1
Project("{FAE04EC0-301F-11D3-BF4B-00C04F79EFBC}") = "bookstore management", "bookstore management\bookstore management.csproj", "{707E9CBA-6FE0-41B3-83B7-588962A83C29}"
EndProject
Global
	GlobalSection(SolutionConfigurationPlatforms) = preSolution
		Debug|Any CPU = Debug|Any CPU
		Release|Any CPU = Release|Any CPU
	EndGlobalSection
	GlobalSection(ProjectConfigurationPlatforms) = postSolution
		{707E9CBA-6FE0-41B3-83B7-588962A83C29}.Debug|Any CPU.ActiveCfg = Debug|Any CPU
		{707E9CBA-6FE0-41B3-83B7-588962A83C29}.Debug|Any CPU.Build.0 = Debug|Any CPU
		{707E9CBA-6FE0-41B3-83B7-588962A83C29}.Release|Any CPU.ActiveCfg = Release|Any CPU
		{707E9CBA-6FE0-41B3-83B7-588962A83C29}.Release|Any CPU.Build.0 = Release|Any CPU
	EndGlobalSection
	GlobalSection(SolutionProperties) = preSolution
		HideSolutionNode = FALSE
	EndGlobalSection
	GlobalSection(ExtensibilityGlobals) = postSolution
		SolutionGuid = {1358A27A-8288-40FF-9B57-5225E2DCB183}
	EndGlobalSection
EndGlobal
